// !$*UTF8*$!
{
	archiveVersion = 1;
	classes = {
	};
	objectVersion = 46;
	objects = {

/* Begin PBXBuildFile section */
		DF3DE42E192B3DAE007428ED /* Foundation.framework in Frameworks */ = {isa = PBXBuildFile; fileRef = DF3DE42D192B3DAE007428ED /* Foundation.framework */; };
		DF3DE430192B3DAE007428ED /* CoreGraphics.framework in Frameworks */ = {isa = PBXBuildFile; fileRef = DF3DE42F192B3DAE007428ED /* CoreGraphics.framework */; };
		DF3DE432192B3DAE007428ED /* UIKit.framework in Frameworks */ = {isa = PBXBuildFile; fileRef = DF3DE431192B3DAE007428ED /* UIKit.framework */; };
		DF3DE438192B3DAE007428ED /* InfoPlist.strings in Resources */ = {isa = PBXBuildFile; fileRef = DF3DE436192B3DAE007428ED /* InfoPlist.strings */; };
		DF3DE43A192B3DAE007428ED /* main.m in Sources */ = {isa = PBXBuildFile; fileRef = DF3DE439192B3DAE007428ED /* main.m */; };
		DF3DE43E192B3DAE007428ED /* ZYAppDelegate.m in Sources */ = {isa = PBXBuildFile; fileRef = DF3DE43D192B3DAE007428ED /* ZYAppDelegate.m */; };
		DF3DE440192B3DAE007428ED /* Images.xcassets in Resources */ = {isa = PBXBuildFile; fileRef = DF3DE43F192B3DAE007428ED /* Images.xcassets */; };
		DF3DE447192B3DAE007428ED /* XCTest.framework in Frameworks */ = {isa = PBXBuildFile; fileRef = DF3DE446192B3DAE007428ED /* XCTest.framework */; };
		DF3DE448192B3DAE007428ED /* Foundation.framework in Frameworks */ = {isa = PBXBuildFile; fileRef = DF3DE42D192B3DAE007428ED /* Foundation.framework */; };
		DF3DE449192B3DAE007428ED /* UIKit.framework in Frameworks */ = {isa = PBXBuildFile; fileRef = DF3DE431192B3DAE007428ED /* UIKit.framework */; };
		DF3DE451192B3DAE007428ED /* InfoPlist.strings in Resources */ = {isa = PBXBuildFile; fileRef = DF3DE44F192B3DAE007428ED /* InfoPlist.strings */; };
		DF3DE453192B3DAE007428ED /* TheDrawerDemoTests.m in Sources */ = {isa = PBXBuildFile; fileRef = DF3DE452192B3DAE007428ED /* TheDrawerDemoTests.m */; };
		DF3DE461192B3DBD007428ED /* ZYLeftViewController.m in Sources */ = {isa = PBXBuildFile; fileRef = DF3DE45F192B3DBD007428ED /* ZYLeftViewController.m */; };
		DF3DE46A192B3DF0007428ED /* ZYCustomViewController.m in Sources */ = {isa = PBXBuildFile; fileRef = DF3DE464192B3DF0007428ED /* ZYCustomViewController.m */; };
		DF3DE46B192B3DF0007428ED /* ZYDrawerViewController.m in Sources */ = {isa = PBXBuildFile; fileRef = DF3DE467192B3DF0007428ED /* ZYDrawerViewController.m */; };
		DF3DE46C192B3DF0007428ED /* ZYDropCustomView.m in Sources */ = {isa = PBXBuildFile; fileRef = DF3DE469192B3DF0007428ED /* ZYDropCustomView.m */; };
		DF3DE46F192B5CB0007428ED /* ZYCenterOneViewController.m in Sources */ = {isa = PBXBuildFile; fileRef = DF3DE46E192B5CB0007428ED /* ZYCenterOneViewController.m */; };
		DF3DE472192B5CC4007428ED /* ZYCenterTwoViewController.m in Sources */ = {isa = PBXBuildFile; fileRef = DF3DE471192B5CC4007428ED /* ZYCenterTwoViewController.m */; };
		DF3DE475192B5CD9007428ED /* ZYCenterThreeViewController.m in Sources */ = {isa = PBXBuildFile; fileRef = DF3DE474192B5CD9007428ED /* ZYCenterThreeViewController.m */; };
		DF3DE479192B67E5007428ED /* ZYNextViewController.m in Sources */ = {isa = PBXBuildFile; fileRef = DF3DE478192B67E5007428ED /* ZYNextViewController.m */; };
/* End PBXBuildFile section */

/* Begin PBXContainerItemProxy section */
		DF3DE44A192B3DAE007428ED /* PBXContainerItemProxy */ = {
			isa = PBXContainerItemProxy;
			containerPortal = DF3DE422192B3DAE007428ED /* Project object */;
			proxyType = 1;
			remoteGlobalIDString = DF3DE429192B3DAE007428ED;
			remoteInfo = TheDrawerDemo;
		};
/* End PBXContainerItemProxy section */

/* Begin PBXFileReference section */
		DF3DE42A192B3DAE007428ED /* TheDrawerDemo.app */ = {isa = PBXFileReference; explicitFileType = wrapper.application; includeInIndex = 0; path = TheDrawerDemo.app; sourceTree = BUILT_PRODUCTS_DIR; };
		DF3DE42D192B3DAE007428ED /* Foundation.framework */ = {isa = PBXFileReference; lastKnownFileType = wrapper.framework; name = Foundation.framework; path = System/Library/Frameworks/Foundation.framework; sourceTree = SDKROOT; };
		DF3DE42F192B3DAE007428ED /* CoreGraphics.framework */ = {isa = PBXFileReference; lastKnownFileType = wrapper.framework; name = CoreGraphics.framework; path = System/Library/Frameworks/CoreGraphics.framework; sourceTree = SDKROOT; };
		DF3DE431192B3DAE007428ED /* UIKit.framework */ = {isa = PBXFileReference; lastKnownFileType = wrapper.framework; name = UIKit.framework; path = System/Library/Frameworks/UIKit.framework; sourceTree = SDKROOT; };
		DF3DE435192B3DAE007428ED /* TheDrawerDemo-Info.plist */ = {isa = PBXFileReference; lastKnownFileType = text.plist.xml; path = "TheDrawerDemo-Info.plist"; sourceTree = "<group>"; };
		DF3DE437192B3DAE007428ED /* en */ = {isa = PBXFileReference; lastKnownFileType = text.plist.strings; name = en; path = en.lproj/InfoPlist.strings; sourceTree = "<group>"; };
		DF3DE439192B3DAE007428ED /* main.m */ = {isa = PBXFileReference; lastKnownFileType = sourcecode.c.objc; path = main.m; sourceTree = "<group>"; };
		DF3DE43B192B3DAE007428ED /* TheDrawerDemo-Prefix.pch */ = {isa = PBXFileReference; lastKnownFileType = sourcecode.c.h; path = "TheDrawerDemo-Prefix.pch"; sourceTree = "<group>"; };
		DF3DE43C192B3DAE007428ED /* ZYAppDelegate.h */ = {isa = PBXFileReference; lastKnownFileType = sourcecode.c.h; path = ZYAppDelegate.h; sourceTree = "<group>"; };
		DF3DE43D192B3DAE007428ED /* ZYAppDelegate.m */ = {isa = PBXFileReference; lastKnownFileType = sourcecode.c.objc; path = ZYAppDelegate.m; sourceTree = "<group>"; };
		DF3DE43F192B3DAE007428ED /* Images.xcassets */ = {isa = PBXFileReference; lastKnownFileType = folder.assetcatalog; path = Images.xcassets; sourceTree = "<group>"; };
		DF3DE445192B3DAE007428ED /* TheDrawerDemoTests.xctest */ = {isa = PBXFileReference; explicitFileType = wrapper.cfbundle; includeInIndex = 0; path = TheDrawerDemoTests.xctest; sourceTree = BUILT_PRODUCTS_DIR; };
		DF3DE446192B3DAE007428ED /* XCTest.framework */ = {isa = PBXFileReference; lastKnownFileType = wrapper.framework; name = XCTest.framework; path = Library/Frameworks/XCTest.framework; sourceTree = DEVELOPER_DIR; };
		DF3DE44E192B3DAE007428ED /* TheDrawerDemoTests-Info.plist */ = {isa = PBXFileReference; lastKnownFileType = text.plist.xml; path = "TheDrawerDemoTests-Info.plist"; sourceTree = "<group>"; };
		DF3DE450192B3DAE007428ED /* en */ = {isa = PBXFileReference; lastKnownFileType = text.plist.strings; name = en; path = en.lproj/InfoPlist.strings; sourceTree = "<group>"; };
		DF3DE452192B3DAE007428ED /* TheDrawerDemoTests.m */ = {isa = PBXFileReference; lastKnownFileType = sourcecode.c.objc; path = TheDrawerDemoTests.m; sourceTree = "<group>"; };
		DF3DE45E192B3DBD007428ED /* ZYLeftViewController.h */ = {isa = PBXFileReference; fileEncoding = 4; lastKnownFileType = sourcecode.c.h; path = ZYLeftViewController.h; sourceTree = "<group>"; };
		DF3DE45F192B3DBD007428ED /* ZYLeftViewController.m */ = {isa = PBXFileReference; fileEncoding = 4; lastKnownFileType = sourcecode.c.objc; path = ZYLeftViewController.m; sourceTree = "<group>"; };
		DF3DE463192B3DF0007428ED /* ZYCustomViewController.h */ = {isa = PBXFileReference; fileEncoding = 4; lastKnownFileType = sourcecode.c.h; path = ZYCustomViewController.h; sourceTree = "<group>"; };
		DF3DE464192B3DF0007428ED /* ZYCustomViewController.m */ = {isa = PBXFileReference; fileEncoding = 4; lastKnownFileType = sourcecode.c.objc; path = ZYCustomViewController.m; sourceTree = "<group>"; };
		DF3DE466192B3DF0007428ED /* ZYDrawerViewController.h */ = {isa = PBXFileReference; fileEncoding = 4; lastKnownFileType = sourcecode.c.h; path = ZYDrawerViewController.h; sourceTree = "<group>"; };
		DF3DE467192B3DF0007428ED /* ZYDrawerViewController.m */ = {isa = PBXFileReference; fileEncoding = 4; lastKnownFileType = sourcecode.c.objc; path = ZYDrawerViewController.m; sourceTree = "<group>"; };
		DF3DE468192B3DF0007428ED /* ZYDropCustomView.h */ = {isa = PBXFileReference; fileEncoding = 4; lastKnownFileType = sourcecode.c.h; path = ZYDropCustomView.h; sourceTree = "<group>"; };
		DF3DE469192B3DF0007428ED /* ZYDropCustomView.m */ = {isa = PBXFileReference; fileEncoding = 4; lastKnownFileType = sourcecode.c.objc; path = ZYDropCustomView.m; sourceTree = "<group>"; };
		DF3DE46D192B5CB0007428ED /* ZYCenterOneViewController.h */ = {isa = PBXFileReference; fileEncoding = 4; lastKnownFileType = sourcecode.c.h; path = ZYCenterOneViewController.h; sourceTree = "<group>"; };
		DF3DE46E192B5CB0007428ED /* ZYCenterOneViewController.m */ = {isa = PBXFileReference; fileEncoding = 4; lastKnownFileType = sourcecode.c.objc; path = ZYCenterOneViewController.m; sourceTree = "<group>"; };
		DF3DE470192B5CC4007428ED /* ZYCenterTwoViewController.h */ = {isa = PBXFileReference; fileEncoding = 4; lastKnownFileType = sourcecode.c.h; name = ZYCenterTwoViewController.h; path = Drawer/ZYCenterTwoViewController.h; sourceTree = "<group>"; };
		DF3DE471192B5CC4007428ED /* ZYCenterTwoViewController.m */ = {isa = PBXFileReference; fileEncoding = 4; lastKnownFileType = sourcecode.c.objc; name = ZYCenterTwoViewController.m; path = Drawer/ZYCenterTwoViewController.m; sourceTree = "<group>"; };
		DF3DE473192B5CD9007428ED /* ZYCenterThreeViewController.h */ = {isa = PBXFileReference; fileEncoding = 4; lastKnownFileType = sourcecode.c.h; name = ZYCenterThreeViewController.h; path = Drawer/ZYCenterThreeViewController.h; sourceTree = "<group>"; };
		DF3DE474192B5CD9007428ED /* ZYCenterThreeViewController.m */ = {isa = PBXFileReference; fileEncoding = 4; lastKnownFileType = sourcecode.c.objc; name = ZYCenterThreeViewController.m; path = Drawer/ZYCenterThreeViewController.m; sourceTree = "<group>"; };
		DF3DE477192B67E5007428ED /* ZYNextViewController.h */ = {isa = PBXFileReference; fileEncoding = 4; lastKnownFileType = sourcecode.c.h; path = ZYNextViewController.h; sourceTree = "<group>"; };
		DF3DE478192B67E5007428ED /* ZYNextViewController.m */ = {isa = PBXFileReference; fileEncoding = 4; lastKnownFileType = sourcecode.c.objc; path = ZYNextViewController.m; sourceTree = "<group>"; };
/* End PBXFileReference section */

/* Begin PBXFrameworksBuildPhase section */
		DF3DE427192B3DAE007428ED /* Frameworks */ = {
			isa = PBXFrameworksBuildPhase;
			buildActionMask = 2147483647;
			files = (
				DF3DE430192B3DAE007428ED /* CoreGraphics.framework in Frameworks */,
				DF3DE432192B3DAE007428ED /* UIKit.framework in Frameworks */,
				DF3DE42E192B3DAE007428ED /* Foundation.framework in Frameworks */,
			);
			runOnlyForDeploymentPostprocessing = 0;
		};
		DF3DE442192B3DAE007428ED /* Frameworks */ = {
			isa = PBXFrameworksBuildPhase;
			buildActionMask = 2147483647;
			files = (
				DF3DE447192B3DAE007428ED /* XCTest.framework in Frameworks */,
				DF3DE449192B3DAE007428ED /* UIKit.framework in Frameworks */,
				DF3DE448192B3DAE007428ED /* Foundation.framework in Frameworks */,
			);
			runOnlyForDeploymentPostprocessing = 0;
		};
/* End PBXFrameworksBuildPhase section */

/* Begin PBXGroup section */
		DF3DE421192B3DAE007428ED = {
			isa = PBXGroup;
			children = (
				DF3DE462192B3DF0007428ED /* Drawer */,
				DF3DE45E192B3DBD007428ED /* ZYLeftViewController.h */,
				DF3DE45F192B3DBD007428ED /* ZYLeftViewController.m */,
				DF3DE46D192B5CB0007428ED /* ZYCenterOneViewController.h */,
				DF3DE46E192B5CB0007428ED /* ZYCenterOneViewController.m */,
				DF3DE470192B5CC4007428ED /* ZYCenterTwoViewController.h */,
				DF3DE471192B5CC4007428ED /* ZYCenterTwoViewController.m */,
				DF3DE473192B5CD9007428ED /* ZYCenterThreeViewController.h */,
				DF3DE474192B5CD9007428ED /* ZYCenterThreeViewController.m */,
				DF3DE477192B67E5007428ED /* ZYNextViewController.h */,
				DF3DE478192B67E5007428ED /* ZYNextViewController.m */,
				DF3DE433192B3DAE007428ED /* TheDrawerDemo */,
				DF3DE44C192B3DAE007428ED /* TheDrawerDemoTests */,
				DF3DE42C192B3DAE007428ED /* Frameworks */,
				DF3DE42B192B3DAE007428ED /* Products */,
			);
			sourceTree = "<group>";
		};
		DF3DE42B192B3DAE007428ED /* Products */ = {
			isa = PBXGroup;
			children = (
				DF3DE42A192B3DAE007428ED /* TheDrawerDemo.app */,
				DF3DE445192B3DAE007428ED /* TheDrawerDemoTests.xctest */,
			);
			name = Products;
			sourceTree = "<group>";
		};
		DF3DE42C192B3DAE007428ED /* Frameworks */ = {
			isa = PBXGroup;
			children = (
				DF3DE42D192B3DAE007428ED /* Foundation.framework */,
				DF3DE42F192B3DAE007428ED /* CoreGraphics.framework */,
				DF3DE431192B3DAE007428ED /* UIKit.framework */,
				DF3DE446192B3DAE007428ED /* XCTest.framework */,
			);
			name = Frameworks;
			sourceTree = "<group>";
		};
		DF3DE433192B3DAE007428ED /* TheDrawerDemo */ = {
			isa = PBXGroup;
			children = (
				DF3DE43C192B3DAE007428ED /* ZYAppDelegate.h */,
				DF3DE43D192B3DAE007428ED /* ZYAppDelegate.m */,
				DF3DE43F192B3DAE007428ED /* Images.xcassets */,
				DF3DE434192B3DAE007428ED /* Supporting Files */,
			);
			path = TheDrawerDemo;
			sourceTree = "<group>";
		};
		DF3DE434192B3DAE007428ED /* Supporting Files */ = {
			isa = PBXGroup;
			children = (
				DF3DE435192B3DAE007428ED /* TheDrawerDemo-Info.plist */,
				DF3DE436192B3DAE007428ED /* InfoPlist.strings */,
				DF3DE439192B3DAE007428ED /* main.m */,
				DF3DE43B192B3DAE007428ED /* TheDrawerDemo-Prefix.pch */,
			);
			name = "Supporting Files";
			sourceTree = "<group>";
		};
		DF3DE44C192B3DAE007428ED /* TheDrawerDemoTests */ = {
			isa = PBXGroup;
			children = (
				DF3DE452192B3DAE007428ED /* TheDrawerDemoTests.m */,
				DF3DE44D192B3DAE007428ED /* Supporting Files */,
			);
			path = TheDrawerDemoTests;
			sourceTree = "<group>";
		};
		DF3DE44D192B3DAE007428ED /* Supporting Files */ = {
			isa = PBXGroup;
			children = (
				DF3DE44E192B3DAE007428ED /* TheDrawerDemoTests-Info.plist */,
				DF3DE44F192B3DAE007428ED /* InfoPlist.strings */,
			);
			name = "Supporting Files";
			sourceTree = "<group>";
		};
		DF3DE462192B3DF0007428ED /* Drawer */ = {
			isa = PBXGroup;
			children = (
				DF3DE463192B3DF0007428ED /* ZYCustomViewController.h */,
				DF3DE464192B3DF0007428ED /* ZYCustomViewController.m */,
				DF3DE466192B3DF0007428ED /* ZYDrawerViewController.h */,
				DF3DE467192B3DF0007428ED /* ZYDrawerViewController.m */,
				DF3DE468192B3DF0007428ED /* ZYDropCustomView.h */,
				DF3DE469192B3DF0007428ED /* ZYDropCustomView.m */,
			);
			path = Drawer;
			sourceTree = "<group>";
		};
/* End PBXGroup section */

/* Begin PBXNativeTarget section */
		DF3DE429192B3DAE007428ED /* TheDrawerDemo */ = {
			isa = PBXNativeTarget;
			buildConfigurationList = DF3DE456192B3DAE007428ED /* Build configuration list for PBXNativeTarget "TheDrawerDemo" */;
			buildPhases = (
				DF3DE426192B3DAE007428ED /* Sources */,
				DF3DE427192B3DAE007428ED /* Frameworks */,
				DF3DE428192B3DAE007428ED /* Resources */,
			);
			buildRules = (
			);
			dependencies = (
			);
			name = TheDrawerDemo;
			productName = TheDrawerDemo;
			productReference = DF3DE42A192B3DAE007428ED /* TheDrawerDemo.app */;
			productType = "com.apple.product-type.application";
		};
		DF3DE444192B3DAE007428ED /* TheDrawerDemoTests */ = {
			isa = PBXNativeTarget;
			buildConfigurationList = DF3DE459192B3DAE007428ED /* Build configuration list for PBXNativeTarget "TheDrawerDemoTests" */;
			buildPhases = (
				DF3DE441192B3DAE007428ED /* Sources */,
				DF3DE442192B3DAE007428ED /* Frameworks */,
				DF3DE443192B3DAE007428ED /* Resources */,
			);
			buildRules = (
			);
			dependencies = (
				DF3DE44B192B3DAE007428ED /* PBXTargetDependency */,
			);
			name = TheDrawerDemoTests;
			productName = TheDrawerDemoTests;
			productReference = DF3DE445192B3DAE007428ED /* TheDrawerDemoTests.xctest */;
			productType = "com.apple.product-type.bundle.unit-test";
		};
/* End PBXNativeTarget section */

/* Begin PBXProject section */
		DF3DE422192B3DAE007428ED /* Project object */ = {
			isa = PBXProject;
			attributes = {
				CLASSPREFIX = ZY;
				LastUpgradeCheck = 0510;
				ORGANIZATIONNAME = LazyYang;
				TargetAttributes = {
					DF3DE444192B3DAE007428ED = {
						TestTargetID = DF3DE429192B3DAE007428ED;
					};
				};
			};
			buildConfigurationList = DF3DE425192B3DAE007428ED /* Build configuration list for PBXProject "TheDrawerDemo" */;
			compatibilityVersion = "Xcode 3.2";
			developmentRegion = English;
			hasScannedForEncodings = 0;
			knownRegions = (
				en,
			);
			mainGroup = DF3DE421192B3DAE007428ED;
			productRefGroup = DF3DE42B192B3DAE007428ED /* Products */;
			projectDirPath = "";
			projectRoot = "";
			targets = (
				DF3DE429192B3DAE007428ED /* TheDrawerDemo */,
				DF3DE444192B3DAE007428ED /* TheDrawerDemoTests */,
			);
		};
/* End PBXProject section */

/* Begin PBXResourcesBuildPhase section */
		DF3DE428192B3DAE007428ED /* Resources */ = {
			isa = PBXResourcesBuildPhase;
			buildActionMask = 2147483647;
			files = (
				DF3DE438192B3DAE007428ED /* InfoPlist.strings in Resources */,
				DF3DE440192B3DAE007428ED /* Images.xcassets in Resources */,
			);
			runOnlyForDeploymentPostprocessing = 0;
		};
		DF3DE443192B3DAE007428ED /* Resources */ = {
			isa = PBXResourcesBuildPhase;
			buildActionMask = 2147483647;
			files = (
				DF3DE451192B3DAE007428ED /* InfoPlist.strings in Resources */,
			);
			runOnlyForDeploymentPostprocessing = 0;
		};
/* End PBXResourcesBuildPhase section */

/* Begin PBXSourcesBuildPhase section */
		DF3DE426192B3DAE007428ED /* Sources */ = {
			isa = PBXSourcesBuildPhase;
			buildActionMask = 2147483647;
			files = (
				DF3DE46C192B3DF0007428ED /* ZYDropCustomView.m in Sources */,
				DF3DE43A192B3DAE007428ED /* main.m in Sources */,
				DF3DE472192B5CC4007428ED /* ZYCenterTwoViewController.m in Sources */,
				DF3DE46A192B3DF0007428ED /* ZYCustomViewController.m in Sources */,
				DF3DE46F192B5CB0007428ED /* ZYCenterOneViewController.m in Sources */,
				DF3DE46B192B3DF0007428ED /* ZYDrawerViewController.m in Sources */,
				DF3DE479192B67E5007428ED /* ZYNextViewController.m in Sources */,
				DF3DE461192B3DBD007428ED /* ZYLeftViewController.m in Sources */,
				DF3DE43E192B3DAE007428ED /* ZYAppDelegate.m in Sources */,
				DF3DE475192B5CD9007428ED /* ZYCenterThreeViewController.m in Sources */,
			);
			runOnlyForDeploymentPostprocessing = 0;
		};
		DF3DE441192B3DAE007428ED /* Sources */ = {
			isa = PBXSourcesBuildPhase;
			buildActionMask = 2147483647;
			files = (
				DF3DE453192B3DAE007428ED /* TheDrawerDemoTests.m in Sources */,
			);
			runOnlyForDeploymentPostprocessing = 0;
		};
/* End PBXSourcesBuildPhase section */

/* Begin PBXTargetDependency section */
		DF3DE44B192B3DAE007428ED /* PBXTargetDependency */ = {
			isa = PBXTargetDependency;
			target = DF3DE429192B3DAE007428ED /* TheDrawerDemo */;
			targetProxy = DF3DE44A192B3DAE007428ED /* PBXContainerItemProxy */;
		};
/* End PBXTargetDependency section */

/* Begin PBXVariantGroup section */
		DF3DE436192B3DAE007428ED /* InfoPlist.strings */ = {
			isa = PBXVariantGroup;
			children = (
				DF3DE437192B3DAE007428ED /* en */,
			);
			name = InfoPlist.strings;
			sourceTree = "<group>";
		};
		DF3DE44F192B3DAE007428ED /* InfoPlist.strings */ = {
			isa = PBXVariantGroup;
			children = (
				DF3DE450192B3DAE007428ED /* en */,
			);
			name = InfoPlist.strings;
			sourceTree = "<group>";
		};
/* End PBXVariantGroup section */

/* Begin XCBuildConfiguration section */
		DF3DE454192B3DAE007428ED /* Debug */ = {
			isa = XCBuildConfiguration;
			buildSettings = {
				ALWAYS_SEARCH_USER_PATHS = NO;
				CLANG_CXX_LANGUAGE_STANDARD = "gnu++0x";
				CLANG_CXX_LIBRARY = "libc++";
				CLANG_ENABLE_MODULES = YES;
				CLANG_ENABLE_OBJC_ARC = YES;
				CLANG_WARN_BOOL_CONVERSION = YES;
				CLANG_WARN_CONSTANT_CONVERSION = YES;
				CLANG_WARN_DIRECT_OBJC_ISA_USAGE = YES_ERROR;
				CLANG_WARN_EMPTY_BODY = YES;
				CLANG_WARN_ENUM_CONVERSION = YES;
				CLANG_WARN_INT_CONVERSION = YES;
				CLANG_WARN_OBJC_ROOT_CLASS = YES_ERROR;
				CLANG_WARN__DUPLICATE_METHOD_MATCH = YES;
				"CODE_SIGN_IDENTITY[sdk=iphoneos*]" = "iPhone Developer";
				COPY_PHASE_STRIP = NO;
				GCC_C_LANGUAGE_STANDARD = gnu99;
				GCC_DYNAMIC_NO_PIC = NO;
				GCC_OPTIMIZATION_LEVEL = 0;
				GCC_PREPROCESSOR_DEFINITIONS = (
					"DEBUG=1",
					"$(inherited)",
				);
				GCC_SYMBOLS_PRIVATE_EXTERN = NO;
				GCC_WARN_64_TO_32_BIT_CONVERSION = YES;
				GCC_WARN_ABOUT_RETURN_TYPE = YES_ERROR;
				GCC_WARN_UNDECLARED_SELECTOR = YES;
				GCC_WARN_UNINITIALIZED_AUTOS = YES_AGGRESSIVE;
				GCC_WARN_UNUSED_FUNCTION = YES;
				GCC_WARN_UNUSED_VARIABLE = YES;
				IPHONEOS_DEPLOYMENT_TARGET = 6.0;
				ONLY_ACTIVE_ARCH = YES;
				SDKROOT = iphoneos;
			};
			name = Debug;
		};
		DF3DE455192B3DAE007428ED /* Release */ = {
			isa = XCBuildConfiguration;
			buildSettings = {
				ALWAYS_SEARCH_USER_PATHS = NO;
				CLANG_CXX_LANGUAGE_STANDARD = "gnu++0x";
				CLANG_CXX_LIBRARY = "libc++";
				CLANG_ENABLE_MODULES = YES;
				CLANG_ENABLE_OBJC_ARC = YES;
				CLANG_WARN_BOOL_CONVERSION = YES;
				CLANG_WARN_CONSTANT_CONVERSION = YES;
				CLANG_WARN_DIRECT_OBJC_ISA_USAGE = YES_ERROR;
				CLANG_WARN_EMPTY_BODY = YES;
				CLANG_WARN_ENUM_CONVERSION = YES;
				CLANG_WARN_INT_CONVERSION = YES;
				CLANG_WARN_OBJC_ROOT_CLASS = YES_ERROR;
				CLANG_WARN__DUPLICATE_METHOD_MATCH = YES;
				"CODE_SIGN_IDENTITY[sdk=iphoneos*]" = "iPhone Developer";
				COPY_PHASE_STRIP = YES;
				ENABLE_NS_ASSERTIONS = NO;
				GCC_C_LANGUAGE_STANDARD = gnu99;
				GCC_WARN_64_TO_32_BIT_CONVERSION = YES;
				GCC_WARN_ABOUT_RETURN_TYPE = YES_ERROR;
				GCC_WARN_UNDECLARED_SELECTOR = YES;
				GCC_WARN_UNINITIALIZED_AUTOS = YES_AGGRESSIVE;
				GCC_WARN_UNUSED_FUNCTION = YES;
				GCC_WARN_UNUSED_VARIABLE = YES;
				IPHONEOS_DEPLOYMENT_TARGET = 6.0;
				SDKROOT = iphoneos;
				VALIDATE_PRODUCT = YES;
			};
			name = Release;
		};
		DF3DE457192B3DAE007428ED /* Debug */ = {
			isa = XCBuildConfiguration;
			buildSettings = {
				ASSETCATALOG_COMPILER_APPICON_NAME = AppIcon;
				ASSETCATALOG_COMPILER_LAUNCHIMAGE_NAME = LaunchImage;
				GCC_PRECOMPILE_PREFIX_HEADER = YES;
				GCC_PREFIX_HEADER = "TheDrawerDemo/TheDrawerDemo-Prefix.pch";
				INFOPLIST_FILE = "TheDrawerDemo/TheDrawerDemo-Info.plist";
				PRODUCT_NAME = "$(TARGET_NAME)";
				WRAPPER_EXTENSION = app;
			};
			name = Debug;
		};
		DF3DE458192B3DAE007428ED /* Release */ = {
			isa = XCBuildConfiguration;
			buildSettings = {
				ASSETCATALOG_COMPILER_APPICON_NAME = AppIcon;
				ASSETCATALOG_COMPILER_LAUNCHIMAGE_NAME = LaunchImage;
				GCC_PRECOMPILE_PREFIX_HEADER = YES;
				GCC_PREFIX_HEADER = "TheDrawerDemo/TheDrawerDemo-Prefix.pch";
				INFOPLIST_FILE = "TheDrawerDemo/TheDrawerDemo-Info.plist";
				PRODUCT_NAME = "$(TARGET_NAME)";
				WRAPPER_EXTENSION = app;
			};
			name = Release;
		};
		DF3DE45A192B3DAE007428ED /* Debug */ = {
			isa = XCBuildConfiguration;
			buildSettings = {
				BUNDLE_LOADER = "$(BUILT_PRODUCTS_DIR)/TheDrawerDemo.app/TheDrawerDemo";
				FRAMEWORK_SEARCH_PATHS = (
					"$(SDKROOT)/Developer/Library/Frameworks",
					"$(inherited)",
					"$(DEVELOPER_FRAMEWORKS_DIR)",
				);
				GCC_PRECOMPILE_PREFIX_HEADER = YES;
				GCC_PREFIX_HEADER = "TheDrawerDemo/TheDrawerDemo-Prefix.pch";
				GCC_PREPROCESSOR_DEFINITIONS = (
					"DEBUG=1",
					"$(inherited)",
				);
				INFOPLIST_FILE = "TheDrawerDemoTests/TheDrawerDemoTests-Info.plist";
				PRODUCT_NAME = "$(TARGET_NAME)";
				TEST_HOST = "$(BUNDLE_LOADER)";
				WRAPPER_EXTENSION = xctest;
			};
			name = Debug;
		};
		DF3DE45B192B3DAE007428ED /* Release */ = {
			isa = XCBuildConfiguration;
			buildSettings = {
				BUNDLE_LOADER = "$(BUILT_PRODUCTS_DIR)/TheDrawerDemo.app/TheDrawerDemo";
				FRAMEWORK_SEARCH_PATHS = (
					"$(SDKROOT)/Developer/Library/Frameworks",
					"$(inherited)",
					"$(DEVELOPER_FRAMEWORKS_DIR)",
				);
				GCC_PRECOMPILE_PREFIX_HEADER = YES;
				GCC_PREFIX_HEADER = "TheDrawerDemo/TheDrawerDemo-Prefix.pch";
				INFOPLIST_FILE = "TheDrawerDemoTests/TheDrawerDemoTests-Info.plist";
				PRODUCT_NAME = "$(TARGET_NAME)";
				TEST_HOST = "$(BUNDLE_LOADER)";
				WRAPPER_EXTENSION = xctest;
			};
			name = Release;
		};
/* End XCBuildConfiguration section */

/* Begin XCConfigurationList section */
		DF3DE425192B3DAE007428ED /* Build configuration list for PBXProject "TheDrawerDemo" */ = {
			isa = XCConfigurationList;
			buildConfigurations = (
				DF3DE454192B3DAE007428ED /* Debug */,
				DF3DE455192B3DAE007428ED /* Release */,
			);
			defaultConfigurationIsVisible = 0;
			defaultConfigurationName = Release;
		};
		DF3DE456192B3DAE007428ED /* Build configuration list for PBXNativeTarget "TheDrawerDemo" */ = {
			isa = XCConfigurationList;
			buildConfigurations = (
				DF3DE457192B3DAE007428ED /* Debug */,
				DF3DE458192B3DAE007428ED /* Release */,
			);
			defaultConfigurationIsVisible = 0;
		};
		DF3DE459192B3DAE007428ED /* Build configuration list for PBXNativeTarget "TheDrawerDemoTests" */ = {
			isa = XCConfigurationList;
			buildConfigurations = (
				DF3DE45A192B3DAE007428ED /* Debug */,
				DF3DE45B192B3DAE007428ED /* Release */,
			);
			defaultConfigurationIsVisible = 0;
		};
/* End XCConfigurationList section */
	};
	rootObject = DF3DE422192B3DAE007428ED /* Project object */;
}
